
Microsoft Visual Studio Solution File, Format Version 12.00
# Visual Studio Version 17
VisualStudioVersion = 17.5.002.0
MinimumVisualStudioVersion = 10.0.40219.1
Project("{9A19103F-16F7-4668-BE54-9A1E7A4F7556}") = "Snake", "Snake.csproj", "{C70DA0C3-3177-4EDB-97DD-FACE4268F6FA}"
EndProject
Global
	GlobalSection(SolutionConfigurationPlatforms) = preSolution
		Debug|Any CPU = Debug|Any CPU
		Release|Any CPU = Release|Any CPU
	EndGlobalSection
	GlobalSection(ProjectConfigurationPlatforms) = postSolution
		{C70DA0C3-3177-4EDB-97DD-FACE4268F6FA}.Debug|Any CPU.ActiveCfg = Debug|Any CPU
		{C70DA0C3-3177-4EDB-97DD-FACE4268F6FA}.Debug|Any CPU.Build.0 = Debug|Any CPU
		{C70DA0C3-3177-4EDB-97DD-FACE4268F6FA}.Release|Any CPU.ActiveCfg = Release|Any CPU
		{C70DA0C3-3177-4EDB-97DD-FACE4268F6FA}.Release|Any CPU.Build.0 = Release|Any CPU
	EndGlobalSection
	GlobalSection(SolutionProperties) = preSolution
		HideSolutionNode = FALSE
	EndGlobalSection
	GlobalSection(ExtensibilityGlobals) = postSolution
		SolutionGuid = {33F47BF7-1ADB-41F3-8BE3-5EBDCAA06A73}
	EndGlobalSection
EndGlobal
